
Microsoft Visual Studio Solution File, Format Version 12.00
# Visual Studio Version 16
VisualStudioVersion = 16.0.29613.14
MinimumVisualStudioVersion = 10.0.40219.1
Project("{9A19103F-16F7-4668-BE54-9A1E7A4F7556}") = "Models", "Models\Models.csproj", "{1A0EEA7A-2C42-4C2C-BD9D-BC96A8C8E935}"
EndProject
Project("{FAE04EC0-301F-11D3-BF4B-00C04F79EFBC}") = "UI", "ConsoleUI\UI.csproj", "{6ED6A19D-C5E2-4D4B-8C7A-4833E32832E2}"
EndProject
Project("{FAE04EC0-301F-11D3-BF4B-00C04F79EFBC}") = "ToolBox", "Pixel Engine\ToolBox.csproj", "{E32D3E7D-535D-447C-8CB5-D9858D3C34D9}"
EndProject
Global
	GlobalSection(SolutionConfigurationPlatforms) = preSolution
		Debug|Any CPU = Debug|Any CPU
		Debug|x64 = Debug|x64
		Debug|x86 = Debug|x86
		Release|Any CPU = Release|Any CPU
		Release|x64 = Release|x64
		Release|x86 = Release|x86
	EndGlobalSection
	GlobalSection(ProjectConfigurationPlatforms) = postSolution
		{1A0EEA7A-2C42-4C2C-BD9D-BC96A8C8E935}.Debug|Any CPU.ActiveCfg = Debug|Any CPU
		{1A0EEA7A-2C42-4C2C-BD9D-BC96A8C8E935}.Debug|Any CPU.Build.0 = Debug|Any CPU
		{1A0EEA7A-2C42-4C2C-BD9D-BC96A8C8E935}.Debug|x64.ActiveCfg = Debug|Any CPU
		{1A0EEA7A-2C42-4C2C-BD9D-BC96A8C8E935}.Debug|x64.Build.0 = Debug|Any CPU
		{1A0EEA7A-2C42-4C2C-BD9D-BC96A8C8E935}.Debug|x86.ActiveCfg = Debug|Any CPU
		{1A0EEA7A-2C42-4C2C-BD9D-BC96A8C8E935}.Debug|x86.Build.0 = Debug|Any CPU
		{1A0EEA7A-2C42-4C2C-BD9D-BC96A8C8E935}.Release|Any CPU.ActiveCfg = Release|Any CPU
		{1A0EEA7A-2C42-4C2C-BD9D-BC96A8C8E935}.Release|Any CPU.Build.0 = Release|Any CPU
		{1A0EEA7A-2C42-4C2C-BD9D-BC96A8C8E935}.Release|x64.ActiveCfg = Release|Any CPU
		{1A0EEA7A-2C42-4C2C-BD9D-BC96A8C8E935}.Release|x64.Build.0 = Release|Any CPU
		{1A0EEA7A-2C42-4C2C-BD9D-BC96A8C8E935}.Release|x86.ActiveCfg = Release|Any CPU
		{1A0EEA7A-2C42-4C2C-BD9D-BC96A8C8E935}.Release|x86.Build.0 = Release|Any CPU
		{6ED6A19D-C5E2-4D4B-8C7A-4833E32832E2}.Debug|Any CPU.ActiveCfg = Debug|Any CPU
		{6ED6A19D-C5E2-4D4B-8C7A-4833E32832E2}.Debug|Any CPU.Build.0 = Debug|Any CPU
		{6ED6A19D-C5E2-4D4B-8C7A-4833E32832E2}.Debug|x64.ActiveCfg = Debug|Any CPU
		{6ED6A19D-C5E2-4D4B-8C7A-4833E32832E2}.Debug|x64.Build.0 = Debug|Any CPU
		{6ED6A19D-C5E2-4D4B-8C7A-4833E32832E2}.Debug|x86.ActiveCfg = Debug|Any CPU
		{6ED6A19D-C5E2-4D4B-8C7A-4833E32832E2}.Debug|x86.Build.0 = Debug|Any CPU
		{6ED6A19D-C5E2-4D4B-8C7A-4833E32832E2}.Release|Any CPU.ActiveCfg = Release|Any CPU
		{6ED6A19D-C5E2-4D4B-8C7A-4833E32832E2}.Release|Any CPU.Build.0 = Release|Any CPU
		{6ED6A19D-C5E2-4D4B-8C7A-4833E32832E2}.Release|x64.ActiveCfg = Release|Any CPU
		{6ED6A19D-C5E2-4D4B-8C7A-4833E32832E2}.Release|x64.Build.0 = Release|Any CPU
		{6ED6A19D-C5E2-4D4B-8C7A-4833E32832E2}.Release|x86.ActiveCfg = Release|Any CPU
		{6ED6A19D-C5E2-4D4B-8C7A-4833E32832E2}.Release|x86.Build.0 = Release|Any CPU
		{E32D3E7D-535D-447C-8CB5-D9858D3C34D9}.Debug|Any CPU.ActiveCfg = Debug|Any CPU
		{E32D3E7D-535D-447C-8CB5-D9858D3C34D9}.Debug|Any CPU.Build.0 = Debug|Any CPU
		{E32D3E7D-535D-447C-8CB5-D9858D3C34D9}.Debug|x64.ActiveCfg = Debug|Any CPU
		{E32D3E7D-535D-447C-8CB5-D9858D3C34D9}.Debug|x64.Build.0 = Debug|Any CPU
		{E32D3E7D-535D-447C-8CB5-D9858D3C34D9}.Debug|x86.ActiveCfg = Debug|Any CPU
		{E32D3E7D-535D-447C-8CB5-D9858D3C34D9}.Debug|x86.Build.0 = Debug|Any CPU
		{E32D3E7D-535D-447C-8CB5-D9858D3C34D9}.Release|Any CPU.ActiveCfg = Release|Any CPU
		{E32D3E7D-535D-447C-8CB5-D9858D3C34D9}.Release|Any CPU.Build.0 = Release|Any CPU
		{E32D3E7D-535D-447C-8CB5-D9858D3C34D9}.Release|x64.ActiveCfg = Release|Any CPU
		{E32D3E7D-535D-447C-8CB5-D9858D3C34D9}.Release|x64.Build.0 = Release|Any CPU
		{E32D3E7D-535D-447C-8CB5-D9858D3C34D9}.Release|x86.ActiveCfg = Release|Any CPU
		{E32D3E7D-535D-447C-8CB5-D9858D3C34D9}.Release|x86.Build.0 = Release|Any CPU
	EndGlobalSection
	GlobalSection(SolutionProperties) = preSolution
		HideSolutionNode = FALSE
	EndGlobalSection
	GlobalSection(ExtensibilityGlobals) = postSolution
		SolutionGuid = {716BAFFA-0DE0-4AB0-BBF6-B3F344309ECD}
	EndGlobalSection
EndGlobal
